{
  "name": "AlexandruRosu",
  "lockfileVersion": 3,
  "requires": true,
  "packages": {
    "": {
      "dependencies": {
        "@fancyapps/ui": "^6.1.7"
      }
    },
    "node_modules/@fancyapps/ui": {
      "version": "6.1.7",
      "resolved": "https://registry.npmjs.org/@fancyapps/ui/-/ui-6.1.7.tgz",
      "integrity": "sha512-KHOvuy90JBFDgbNa2V1N9Jg7PE/lSQMXN9VbhR+WQSIxIEi4PV7kndeao7ezir5WeJ8OZRyDelNKJVLicXfBIg==",
      "license": "SEE LICENSE IN LICENSE.md"
    }
  }
}
